
Microsoft Visual Studio Solution File, Format Version 12.00
# Visual Studio Version 16
VisualStudioVersion = 16.0.30114.105
MinimumVisualStudioVersion = 10.0.40219.1
Project("{FAE04EC0-301F-11D3-BF4B-00C04F79EFBC}") = "Genjin.Core", "Genjin.Core\Genjin.Core.csproj", "{F1B35F5A-CDEA-4439-8D83-698AEDC4F0DA}"
EndProject
Project("{FAE04EC0-301F-11D3-BF4B-00C04F79EFBC}") = "Genjin.Example", "Genjin.Example\Genjin.Example.csproj", "{F9739210-0DCF-4D26-9A3F-C24F7FAE0A7D}"
EndProject
Project("{FAE04EC0-301F-11D3-BF4B-00C04F79EFBC}") = "Genjin.Breakout", "Genjin.Breakout\Genjin.Breakout.csproj", "{4CF4D322-CD36-4486-B191-4CDB9C450AAC}"
EndProject
Project("{FAE04EC0-301F-11D3-BF4B-00C04F79EFBC}") = "Genjin.Core.Tests", "Genjin.Core.Tests\Genjin.Core.Tests.csproj", "{34CD195E-7CDA-4D5C-9BEA-6EF2ED97F890}"
EndProject
Global
	GlobalSection(SolutionConfigurationPlatforms) = preSolution
		Debug|Any CPU = Debug|Any CPU
		Release|Any CPU = Release|Any CPU
	EndGlobalSection
	GlobalSection(SolutionProperties) = preSolution
		HideSolutionNode = FALSE
	EndGlobalSection
	GlobalSection(ProjectConfigurationPlatforms) = postSolution
		{F1B35F5A-CDEA-4439-8D83-698AEDC4F0DA}.Debug|Any CPU.ActiveCfg = Debug|Any CPU
		{F1B35F5A-CDEA-4439-8D83-698AEDC4F0DA}.Debug|Any CPU.Build.0 = Debug|Any CPU
		{F1B35F5A-CDEA-4439-8D83-698AEDC4F0DA}.Release|Any CPU.ActiveCfg = Release|Any CPU
		{F1B35F5A-CDEA-4439-8D83-698AEDC4F0DA}.Release|Any CPU.Build.0 = Release|Any CPU
		{F9739210-0DCF-4D26-9A3F-C24F7FAE0A7D}.Debug|Any CPU.ActiveCfg = Debug|Any CPU
		{F9739210-0DCF-4D26-9A3F-C24F7FAE0A7D}.Debug|Any CPU.Build.0 = Debug|Any CPU
		{F9739210-0DCF-4D26-9A3F-C24F7FAE0A7D}.Release|Any CPU.ActiveCfg = Release|Any CPU
		{F9739210-0DCF-4D26-9A3F-C24F7FAE0A7D}.Release|Any CPU.Build.0 = Release|Any CPU
		{4CF4D322-CD36-4486-B191-4CDB9C450AAC}.Debug|Any CPU.ActiveCfg = Debug|Any CPU
		{4CF4D322-CD36-4486-B191-4CDB9C450AAC}.Debug|Any CPU.Build.0 = Debug|Any CPU
		{4CF4D322-CD36-4486-B191-4CDB9C450AAC}.Release|Any CPU.ActiveCfg = Release|Any CPU
		{4CF4D322-CD36-4486-B191-4CDB9C450AAC}.Release|Any CPU.Build.0 = Release|Any CPU
		{34CD195E-7CDA-4D5C-9BEA-6EF2ED97F890}.Debug|Any CPU.ActiveCfg = Debug|Any CPU
		{34CD195E-7CDA-4D5C-9BEA-6EF2ED97F890}.Debug|Any CPU.Build.0 = Debug|Any CPU
		{34CD195E-7CDA-4D5C-9BEA-6EF2ED97F890}.Release|Any CPU.ActiveCfg = Release|Any CPU
		{34CD195E-7CDA-4D5C-9BEA-6EF2ED97F890}.Release|Any CPU.Build.0 = Release|Any CPU
	EndGlobalSection
EndGlobal
